
Microsoft Visual Studio Solution File, Format Version 12.00
# Visual Studio Version 17
VisualStudioVersion = 17.9.34723.18
MinimumVisualStudioVersion = 10.0.40219.1
Project("{2150E333-8FDC-42A3-9474-1A3956D46DE8}") = "src", "src", "{043FE629-2ADB-43D2-AAA8-BE89E25CA2EA}"
EndProject
Project("{2150E333-8FDC-42A3-9474-1A3956D46DE8}") = "test", "test", "{4CDBBA51-D737-468C-BF84-589B69B3D48D}"
EndProject
Project("{9A19103F-16F7-4668-BE54-9A1E7A4F7556}") = "Bookify.Domain", "Bookify.Domain\Bookify.Domain.csproj", "{64D01FA1-97F2-43DF-A16F-00B30241F17C}"
EndProject
Project("{9A19103F-16F7-4668-BE54-9A1E7A4F7556}") = "Bookify.Application", "Bookify.Application\Bookify.Application.csproj", "{D08CF8CC-B9B8-46C4-97A5-73E0596010B5}"
EndProject
Project("{9A19103F-16F7-4668-BE54-9A1E7A4F7556}") = "Bookify.Infrastructure", "Bookify.Infrastructure\Bookify.Infrastructure.csproj", "{DFD9393A-D6E6-4590-8559-7A8EDB070DC0}"
EndProject
Project("{9A19103F-16F7-4668-BE54-9A1E7A4F7556}") = "Bookify.Api", "Bookify.Api\Bookify.Api.csproj", "{3FD650BF-7D2B-4809-92C6-A7C2E8DCC2A1}"
EndProject
Project("{2150E333-8FDC-42A3-9474-1A3956D46DE8}") = "Solution Items", "Solution Items", "{938D969A-FA2D-434A-8584-C448D251092D}"
	ProjectSection(SolutionItems) = preProject
		.gitignore = .gitignore
	EndProjectSection
EndProject
Project("{E53339B2-1760-4266-BCC7-CA923CBCF16C}") = "docker-compose", "docker-compose.dcproj", "{9BBD3046-336A-4DA7-BFB0-EDDB39390CFA}"
EndProject
Global
	GlobalSection(SolutionConfigurationPlatforms) = preSolution
		Debug|Any CPU = Debug|Any CPU
		Release|Any CPU = Release|Any CPU
	EndGlobalSection
	GlobalSection(ProjectConfigurationPlatforms) = postSolution
		{64D01FA1-97F2-43DF-A16F-00B30241F17C}.Debug|Any CPU.ActiveCfg = Debug|Any CPU
		{64D01FA1-97F2-43DF-A16F-00B30241F17C}.Debug|Any CPU.Build.0 = Debug|Any CPU
		{64D01FA1-97F2-43DF-A16F-00B30241F17C}.Release|Any CPU.ActiveCfg = Release|Any CPU
		{64D01FA1-97F2-43DF-A16F-00B30241F17C}.Release|Any CPU.Build.0 = Release|Any CPU
		{D08CF8CC-B9B8-46C4-97A5-73E0596010B5}.Debug|Any CPU.ActiveCfg = Debug|Any CPU
		{D08CF8CC-B9B8-46C4-97A5-73E0596010B5}.Debug|Any CPU.Build.0 = Debug|Any CPU
		{D08CF8CC-B9B8-46C4-97A5-73E0596010B5}.Release|Any CPU.ActiveCfg = Release|Any CPU
		{D08CF8CC-B9B8-46C4-97A5-73E0596010B5}.Release|Any CPU.Build.0 = Release|Any CPU
		{DFD9393A-D6E6-4590-8559-7A8EDB070DC0}.Debug|Any CPU.ActiveCfg = Debug|Any CPU
		{DFD9393A-D6E6-4590-8559-7A8EDB070DC0}.Debug|Any CPU.Build.0 = Debug|Any CPU
		{DFD9393A-D6E6-4590-8559-7A8EDB070DC0}.Release|Any CPU.ActiveCfg = Release|Any CPU
		{DFD9393A-D6E6-4590-8559-7A8EDB070DC0}.Release|Any CPU.Build.0 = Release|Any CPU
		{3FD650BF-7D2B-4809-92C6-A7C2E8DCC2A1}.Debug|Any CPU.ActiveCfg = Debug|Any CPU
		{3FD650BF-7D2B-4809-92C6-A7C2E8DCC2A1}.Debug|Any CPU.Build.0 = Debug|Any CPU
		{3FD650BF-7D2B-4809-92C6-A7C2E8DCC2A1}.Release|Any CPU.ActiveCfg = Release|Any CPU
		{3FD650BF-7D2B-4809-92C6-A7C2E8DCC2A1}.Release|Any CPU.Build.0 = Release|Any CPU
		{9BBD3046-336A-4DA7-BFB0-EDDB39390CFA}.Debug|Any CPU.ActiveCfg = Debug|Any CPU
		{9BBD3046-336A-4DA7-BFB0-EDDB39390CFA}.Debug|Any CPU.Build.0 = Debug|Any CPU
		{9BBD3046-336A-4DA7-BFB0-EDDB39390CFA}.Release|Any CPU.ActiveCfg = Release|Any CPU
		{9BBD3046-336A-4DA7-BFB0-EDDB39390CFA}.Release|Any CPU.Build.0 = Release|Any CPU
	EndGlobalSection
	GlobalSection(SolutionProperties) = preSolution
		HideSolutionNode = FALSE
	EndGlobalSection
	GlobalSection(NestedProjects) = preSolution
		{64D01FA1-97F2-43DF-A16F-00B30241F17C} = {043FE629-2ADB-43D2-AAA8-BE89E25CA2EA}
		{D08CF8CC-B9B8-46C4-97A5-73E0596010B5} = {043FE629-2ADB-43D2-AAA8-BE89E25CA2EA}
		{DFD9393A-D6E6-4590-8559-7A8EDB070DC0} = {043FE629-2ADB-43D2-AAA8-BE89E25CA2EA}
		{3FD650BF-7D2B-4809-92C6-A7C2E8DCC2A1} = {043FE629-2ADB-43D2-AAA8-BE89E25CA2EA}
	EndGlobalSection
EndGlobal
